
Microsoft Visual Studio Solution File, Format Version 12.00
Project("{FAE04EC0-301F-11D3-BF4B-00C04F79EFBC}") = "GradientLine", "GradientLine.csproj", "{D88101E2-6E25-4F1B-B64C-BC4E1F622037}"
EndProject
Global
	GlobalSection(SolutionConfigurationPlatforms) = preSolution
		Debug|Any CPU = Debug|Any CPU
		ExportDebug|Any CPU = ExportDebug|Any CPU
		ExportRelease|Any CPU = ExportRelease|Any CPU
	EndGlobalSection
	GlobalSection(ProjectConfigurationPlatforms) = postSolution
		{D88101E2-6E25-4F1B-B64C-BC4E1F622037}.Debug|Any CPU.ActiveCfg = Debug|Any CPU
		{D88101E2-6E25-4F1B-B64C-BC4E1F622037}.Debug|Any CPU.Build.0 = Debug|Any CPU
		{D88101E2-6E25-4F1B-B64C-BC4E1F622037}.ExportDebug|Any CPU.ActiveCfg = ExportDebug|Any CPU
		{D88101E2-6E25-4F1B-B64C-BC4E1F622037}.ExportDebug|Any CPU.Build.0 = ExportDebug|Any CPU
		{D88101E2-6E25-4F1B-B64C-BC4E1F622037}.ExportRelease|Any CPU.ActiveCfg = ExportRelease|Any CPU
		{D88101E2-6E25-4F1B-B64C-BC4E1F622037}.ExportRelease|Any CPU.Build.0 = ExportRelease|Any CPU
	EndGlobalSection
EndGlobal
